
Microsoft Visual Studio Solution File, Format Version 12.00
# Visual Studio Version 16
VisualStudioVersion = 16.0.29609.76
MinimumVisualStudioVersion = 10.0.40219.1
Project("{FAE04EC0-301F-11D3-BF4B-00C04F79EFBC}") = "DataTypes", "DataTypes\DataTypes.csproj", "{491450C0-5A00-4CA8-A9C8-8CCC83DD8F62}"
EndProject
Project("{FAE04EC0-301F-11D3-BF4B-00C04F79EFBC}") = "Arrays", "Arrays\Arrays.csproj", "{6B7AAFB2-5CCA-443E-86BA-DFCE6DA6FA21}"
EndProject
Project("{FAE04EC0-301F-11D3-BF4B-00C04F79EFBC}") = "BasicOpgaver", "BasicOpgaver\BasicOpgaver.csproj", "{9AFE4F52-9502-44AA-90A4-7215B870B92D}"
EndProject
Global
	GlobalSection(SolutionConfigurationPlatforms) = preSolution
		Debug|Any CPU = Debug|Any CPU
		Release|Any CPU = Release|Any CPU
	EndGlobalSection
	GlobalSection(ProjectConfigurationPlatforms) = postSolution
		{491450C0-5A00-4CA8-A9C8-8CCC83DD8F62}.Debug|Any CPU.ActiveCfg = Debug|Any CPU
		{491450C0-5A00-4CA8-A9C8-8CCC83DD8F62}.Debug|Any CPU.Build.0 = Debug|Any CPU
		{491450C0-5A00-4CA8-A9C8-8CCC83DD8F62}.Release|Any CPU.ActiveCfg = Release|Any CPU
		{491450C0-5A00-4CA8-A9C8-8CCC83DD8F62}.Release|Any CPU.Build.0 = Release|Any CPU
		{6B7AAFB2-5CCA-443E-86BA-DFCE6DA6FA21}.Debug|Any CPU.ActiveCfg = Debug|Any CPU
		{6B7AAFB2-5CCA-443E-86BA-DFCE6DA6FA21}.Debug|Any CPU.Build.0 = Debug|Any CPU
		{6B7AAFB2-5CCA-443E-86BA-DFCE6DA6FA21}.Release|Any CPU.ActiveCfg = Release|Any CPU
		{6B7AAFB2-5CCA-443E-86BA-DFCE6DA6FA21}.Release|Any CPU.Build.0 = Release|Any CPU
		{9AFE4F52-9502-44AA-90A4-7215B870B92D}.Debug|Any CPU.ActiveCfg = Debug|Any CPU
		{9AFE4F52-9502-44AA-90A4-7215B870B92D}.Debug|Any CPU.Build.0 = Debug|Any CPU
		{9AFE4F52-9502-44AA-90A4-7215B870B92D}.Release|Any CPU.ActiveCfg = Release|Any CPU
		{9AFE4F52-9502-44AA-90A4-7215B870B92D}.Release|Any CPU.Build.0 = Release|Any CPU
	EndGlobalSection
	GlobalSection(SolutionProperties) = preSolution
		HideSolutionNode = FALSE
	EndGlobalSection
	GlobalSection(ExtensibilityGlobals) = postSolution
		SolutionGuid = {D001FFA8-87CF-4AFD-9842-C18CE4885ADE}
	EndGlobalSection
EndGlobal
