
Microsoft Visual Studio Solution File, Format Version 12.00
# Visual Studio Version 16
VisualStudioVersion = 16.0.29609.76
MinimumVisualStudioVersion = 10.0.40219.1
Project("{9A19103F-16F7-4668-BE54-9A1E7A4F7556}") = "Opgave1", "C Sharp Excercises\Opgave1.csproj", "{AA5533AF-38EE-48A0-8FBB-D505BCAF8085}"
EndProject
Project("{9A19103F-16F7-4668-BE54-9A1E7A4F7556}") = "Opgave2", "Opgave2\Opgave2.csproj", "{34275D3A-93A5-4EF1-85C3-801744C6ABA3}"
EndProject
Project("{9A19103F-16F7-4668-BE54-9A1E7A4F7556}") = "Opgave3", "Opgave3\Opgave3.csproj", "{69280744-3D5C-417C-B920-AE990ED14496}"
EndProject
Project("{9A19103F-16F7-4668-BE54-9A1E7A4F7556}") = "Opgave4", "Opgave4\Opgave4.csproj", "{9F2EE0D3-C5DE-4AC7-A2CB-BBE506DC888B}"
EndProject
Project("{9A19103F-16F7-4668-BE54-9A1E7A4F7556}") = "Opgave5", "Opgave5\Opgave5.csproj", "{8906050D-D8A6-4175-8E9D-C94D21ABAB17}"
EndProject
Project("{9A19103F-16F7-4668-BE54-9A1E7A4F7556}") = "Opgave6", "Opgave6\Opgave6.csproj", "{5AF0449F-8793-4F3B-8318-4EA3F38DACC2}"
EndProject
Project("{9A19103F-16F7-4668-BE54-9A1E7A4F7556}") = "Opgave7", "Opgave7\Opgave7.csproj", "{D445D1A0-F175-4D6D-83C1-009239275D22}"
EndProject
Project("{9A19103F-16F7-4668-BE54-9A1E7A4F7556}") = "Opgave8", "Opgave8\Opgave8.csproj", "{44BA0795-3188-44DE-AD48-30262AE4ACFD}"
EndProject
Project("{9A19103F-16F7-4668-BE54-9A1E7A4F7556}") = "Opgave9", "Opgave9\Opgave9.csproj", "{568488A1-819A-4BDF-A525-3600BCE98020}"
EndProject
Project("{9A19103F-16F7-4668-BE54-9A1E7A4F7556}") = "Opgavee10", "Opgave10\Opgavee10.csproj", "{6C60D356-D292-44BA-821F-E8D9A0192584}"
EndProject
Project("{9A19103F-16F7-4668-BE54-9A1E7A4F7556}") = "Opgavee21", "Opgavee21\Opgavee21.csproj", "{38471363-6264-4F21-A65A-854EC77610E9}"
EndProject
Project("{9A19103F-16F7-4668-BE54-9A1E7A4F7556}") = "Opgavee11", "Opgavee11\Opgavee11.csproj", "{456D26EC-9CC0-48FC-BE2C-5806215347BC}"
EndProject
Project("{9A19103F-16F7-4668-BE54-9A1E7A4F7556}") = "Opgavee12", "Opgavee12\Opgavee12.csproj", "{EEF4E5CE-E9C2-40A0-A74A-805F2D113025}"
EndProject
Project("{9A19103F-16F7-4668-BE54-9A1E7A4F7556}") = "Opgavee13", "Opgavee13\Opgavee13.csproj", "{A9787B28-3091-40D4-989A-7B23F9943CB1}"
EndProject
Project("{9A19103F-16F7-4668-BE54-9A1E7A4F7556}") = "Opgavee14", "Opgavee14\Opgavee14.csproj", "{419D4CF5-6AFF-4388-AAE0-E96E76EA6F7F}"
EndProject
Project("{9A19103F-16F7-4668-BE54-9A1E7A4F7556}") = "Opgavee15", "Opgavee15\Opgavee15.csproj", "{3146C56D-593A-4E9B-9AE2-E1280DA93E48}"
EndProject
Project("{9A19103F-16F7-4668-BE54-9A1E7A4F7556}") = "Opgavee16", "Opgavee16\Opgavee16.csproj", "{FF17F0AD-2865-44AA-9C5C-C1404C1D950E}"
EndProject
Project("{9A19103F-16F7-4668-BE54-9A1E7A4F7556}") = "Opgavee17", "Opgavee17\Opgavee17.csproj", "{0780B194-480D-490B-8C15-CBECF6AC563E}"
EndProject
Project("{9A19103F-16F7-4668-BE54-9A1E7A4F7556}") = "Opgavee18", "Opgavee18\Opgavee18.csproj", "{5D4220A9-4E7D-47AA-8D33-4DFB77604E93}"
EndProject
Project("{9A19103F-16F7-4668-BE54-9A1E7A4F7556}") = "Opgavee19", "Opgavee19\Opgavee19.csproj", "{05199512-D58D-4527-9FBC-B45E3BBFDBB9}"
EndProject
Project("{9A19103F-16F7-4668-BE54-9A1E7A4F7556}") = "Opgavee20", "Opgavee20\Opgavee20.csproj", "{777FD2AC-CFE0-434E-927D-B2460E579D70}"
EndProject
Project("{9A19103F-16F7-4668-BE54-9A1E7A4F7556}") = "Opgavee22", "Opgavee22\Opgavee22.csproj", "{A0DE10B5-C942-48AE-9389-8D8C288A363D}"
EndProject
Project("{9A19103F-16F7-4668-BE54-9A1E7A4F7556}") = "Opgavee23", "Opgavee23\Opgavee23.csproj", "{2FBFC532-E9D3-4B80-B4EB-A2A728068918}"
EndProject
Project("{9A19103F-16F7-4668-BE54-9A1E7A4F7556}") = "Opgavee24", "Opgavee24\Opgavee24.csproj", "{47AD26F0-C5F2-4FE0-9BF4-DC2E0FE036DB}"
EndProject
Project("{9A19103F-16F7-4668-BE54-9A1E7A4F7556}") = "Opgavee25", "Opgavee25\Opgavee25.csproj", "{01E64028-A489-4784-B7C8-2AA94F0DE5BF}"
EndProject
Project("{9A19103F-16F7-4668-BE54-9A1E7A4F7556}") = "Opgavee26", "Opgavee26\Opgavee26.csproj", "{B90D9EE4-8FEE-4135-8509-4EA33AF40181}"
EndProject
Project("{9A19103F-16F7-4668-BE54-9A1E7A4F7556}") = "Opgavee27", "Opgavee27\Opgavee27.csproj", "{29949A3E-F8EF-4176-B319-E6BE198D3120}"
EndProject
Project("{FAE04EC0-301F-11D3-BF4B-00C04F79EFBC}") = "Opgavee28", "Opgavee28\Opgavee28.csproj", "{444B7820-E1CC-4CEB-98B8-BE01A534F265}"
EndProject
Project("{FAE04EC0-301F-11D3-BF4B-00C04F79EFBC}") = "Opgavee33", "Opgavee33\Opgavee33.csproj", "{A0742F2B-6144-4C1C-909F-535E935E852A}"
EndProject
Project("{FAE04EC0-301F-11D3-BF4B-00C04F79EFBC}") = "Opgavee35", "Opgavee35\Opgavee35.csproj", "{AA977340-F490-4740-84E6-8AF8811EF03D}"
EndProject
Project("{FAE04EC0-301F-11D3-BF4B-00C04F79EFBC}") = "Opgavee36", "Opgavee36\Opgavee36.csproj", "{5AA97712-F77F-485C-995F-5FA29BB73A19}"
EndProject
Project("{FAE04EC0-301F-11D3-BF4B-00C04F79EFBC}") = "Opgavee37", "Opgavee37\Opgavee37.csproj", "{523D11E4-5810-452A-AE7E-2A0CAD894DB4}"
EndProject
Global
	GlobalSection(SolutionConfigurationPlatforms) = preSolution
		Debug|Any CPU = Debug|Any CPU
		Release|Any CPU = Release|Any CPU
	EndGlobalSection
	GlobalSection(ProjectConfigurationPlatforms) = postSolution
		{AA5533AF-38EE-48A0-8FBB-D505BCAF8085}.Debug|Any CPU.ActiveCfg = Debug|Any CPU
		{AA5533AF-38EE-48A0-8FBB-D505BCAF8085}.Debug|Any CPU.Build.0 = Debug|Any CPU
		{AA5533AF-38EE-48A0-8FBB-D505BCAF8085}.Release|Any CPU.ActiveCfg = Release|Any CPU
		{AA5533AF-38EE-48A0-8FBB-D505BCAF8085}.Release|Any CPU.Build.0 = Release|Any CPU
		{34275D3A-93A5-4EF1-85C3-801744C6ABA3}.Debug|Any CPU.ActiveCfg = Debug|Any CPU
		{34275D3A-93A5-4EF1-85C3-801744C6ABA3}.Debug|Any CPU.Build.0 = Debug|Any CPU
		{34275D3A-93A5-4EF1-85C3-801744C6ABA3}.Release|Any CPU.ActiveCfg = Release|Any CPU
		{34275D3A-93A5-4EF1-85C3-801744C6ABA3}.Release|Any CPU.Build.0 = Release|Any CPU
		{69280744-3D5C-417C-B920-AE990ED14496}.Debug|Any CPU.ActiveCfg = Debug|Any CPU
		{69280744-3D5C-417C-B920-AE990ED14496}.Debug|Any CPU.Build.0 = Debug|Any CPU
		{69280744-3D5C-417C-B920-AE990ED14496}.Release|Any CPU.ActiveCfg = Release|Any CPU
		{69280744-3D5C-417C-B920-AE990ED14496}.Release|Any CPU.Build.0 = Release|Any CPU
		{9F2EE0D3-C5DE-4AC7-A2CB-BBE506DC888B}.Debug|Any CPU.ActiveCfg = Debug|Any CPU
		{9F2EE0D3-C5DE-4AC7-A2CB-BBE506DC888B}.Debug|Any CPU.Build.0 = Debug|Any CPU
		{9F2EE0D3-C5DE-4AC7-A2CB-BBE506DC888B}.Release|Any CPU.ActiveCfg = Release|Any CPU
		{9F2EE0D3-C5DE-4AC7-A2CB-BBE506DC888B}.Release|Any CPU.Build.0 = Release|Any CPU
		{8906050D-D8A6-4175-8E9D-C94D21ABAB17}.Debug|Any CPU.ActiveCfg = Debug|Any CPU
		{8906050D-D8A6-4175-8E9D-C94D21ABAB17}.Debug|Any CPU.Build.0 = Debug|Any CPU
		{8906050D-D8A6-4175-8E9D-C94D21ABAB17}.Release|Any CPU.ActiveCfg = Release|Any CPU
		{8906050D-D8A6-4175-8E9D-C94D21ABAB17}.Release|Any CPU.Build.0 = Release|Any CPU
		{5AF0449F-8793-4F3B-8318-4EA3F38DACC2}.Debug|Any CPU.ActiveCfg = Debug|Any CPU
		{5AF0449F-8793-4F3B-8318-4EA3F38DACC2}.Debug|Any CPU.Build.0 = Debug|Any CPU
		{5AF0449F-8793-4F3B-8318-4EA3F38DACC2}.Release|Any CPU.ActiveCfg = Release|Any CPU
		{5AF0449F-8793-4F3B-8318-4EA3F38DACC2}.Release|Any CPU.Build.0 = Release|Any CPU
		{D445D1A0-F175-4D6D-83C1-009239275D22}.Debug|Any CPU.ActiveCfg = Debug|Any CPU
		{D445D1A0-F175-4D6D-83C1-009239275D22}.Debug|Any CPU.Build.0 = Debug|Any CPU
		{D445D1A0-F175-4D6D-83C1-009239275D22}.Release|Any CPU.ActiveCfg = Release|Any CPU
		{D445D1A0-F175-4D6D-83C1-009239275D22}.Release|Any CPU.Build.0 = Release|Any CPU
		{44BA0795-3188-44DE-AD48-30262AE4ACFD}.Debug|Any CPU.ActiveCfg = Debug|Any CPU
		{44BA0795-3188-44DE-AD48-30262AE4ACFD}.Debug|Any CPU.Build.0 = Debug|Any CPU
		{44BA0795-3188-44DE-AD48-30262AE4ACFD}.Release|Any CPU.ActiveCfg = Release|Any CPU
		{44BA0795-3188-44DE-AD48-30262AE4ACFD}.Release|Any CPU.Build.0 = Release|Any CPU
		{568488A1-819A-4BDF-A525-3600BCE98020}.Debug|Any CPU.ActiveCfg = Debug|Any CPU
		{568488A1-819A-4BDF-A525-3600BCE98020}.Debug|Any CPU.Build.0 = Debug|Any CPU
		{568488A1-819A-4BDF-A525-3600BCE98020}.Release|Any CPU.ActiveCfg = Release|Any CPU
		{568488A1-819A-4BDF-A525-3600BCE98020}.Release|Any CPU.Build.0 = Release|Any CPU
		{6C60D356-D292-44BA-821F-E8D9A0192584}.Debug|Any CPU.ActiveCfg = Debug|Any CPU
		{6C60D356-D292-44BA-821F-E8D9A0192584}.Debug|Any CPU.Build.0 = Debug|Any CPU
		{6C60D356-D292-44BA-821F-E8D9A0192584}.Release|Any CPU.ActiveCfg = Release|Any CPU
		{6C60D356-D292-44BA-821F-E8D9A0192584}.Release|Any CPU.Build.0 = Release|Any CPU
		{38471363-6264-4F21-A65A-854EC77610E9}.Debug|Any CPU.ActiveCfg = Debug|Any CPU
		{38471363-6264-4F21-A65A-854EC77610E9}.Debug|Any CPU.Build.0 = Debug|Any CPU
		{38471363-6264-4F21-A65A-854EC77610E9}.Release|Any CPU.ActiveCfg = Release|Any CPU
		{38471363-6264-4F21-A65A-854EC77610E9}.Release|Any CPU.Build.0 = Release|Any CPU
		{456D26EC-9CC0-48FC-BE2C-5806215347BC}.Debug|Any CPU.ActiveCfg = Debug|Any CPU
		{456D26EC-9CC0-48FC-BE2C-5806215347BC}.Debug|Any CPU.Build.0 = Debug|Any CPU
		{456D26EC-9CC0-48FC-BE2C-5806215347BC}.Release|Any CPU.ActiveCfg = Release|Any CPU
		{456D26EC-9CC0-48FC-BE2C-5806215347BC}.Release|Any CPU.Build.0 = Release|Any CPU
		{EEF4E5CE-E9C2-40A0-A74A-805F2D113025}.Debug|Any CPU.ActiveCfg = Debug|Any CPU
		{EEF4E5CE-E9C2-40A0-A74A-805F2D113025}.Debug|Any CPU.Build.0 = Debug|Any CPU
		{EEF4E5CE-E9C2-40A0-A74A-805F2D113025}.Release|Any CPU.ActiveCfg = Release|Any CPU
		{EEF4E5CE-E9C2-40A0-A74A-805F2D113025}.Release|Any CPU.Build.0 = Release|Any CPU
		{A9787B28-3091-40D4-989A-7B23F9943CB1}.Debug|Any CPU.ActiveCfg = Debug|Any CPU
		{A9787B28-3091-40D4-989A-7B23F9943CB1}.Debug|Any CPU.Build.0 = Debug|Any CPU
		{A9787B28-3091-40D4-989A-7B23F9943CB1}.Release|Any CPU.ActiveCfg = Release|Any CPU
		{A9787B28-3091-40D4-989A-7B23F9943CB1}.Release|Any CPU.Build.0 = Release|Any CPU
		{419D4CF5-6AFF-4388-AAE0-E96E76EA6F7F}.Debug|Any CPU.ActiveCfg = Debug|Any CPU
		{419D4CF5-6AFF-4388-AAE0-E96E76EA6F7F}.Debug|Any CPU.Build.0 = Debug|Any CPU
		{419D4CF5-6AFF-4388-AAE0-E96E76EA6F7F}.Release|Any CPU.ActiveCfg = Release|Any CPU
		{419D4CF5-6AFF-4388-AAE0-E96E76EA6F7F}.Release|Any CPU.Build.0 = Release|Any CPU
		{3146C56D-593A-4E9B-9AE2-E1280DA93E48}.Debug|Any CPU.ActiveCfg = Debug|Any CPU
		{3146C56D-593A-4E9B-9AE2-E1280DA93E48}.Debug|Any CPU.Build.0 = Debug|Any CPU
		{3146C56D-593A-4E9B-9AE2-E1280DA93E48}.Release|Any CPU.ActiveCfg = Release|Any CPU
		{3146C56D-593A-4E9B-9AE2-E1280DA93E48}.Release|Any CPU.Build.0 = Release|Any CPU
		{FF17F0AD-2865-44AA-9C5C-C1404C1D950E}.Debug|Any CPU.ActiveCfg = Debug|Any CPU
		{FF17F0AD-2865-44AA-9C5C-C1404C1D950E}.Debug|Any CPU.Build.0 = Debug|Any CPU
		{FF17F0AD-2865-44AA-9C5C-C1404C1D950E}.Release|Any CPU.ActiveCfg = Release|Any CPU
		{FF17F0AD-2865-44AA-9C5C-C1404C1D950E}.Release|Any CPU.Build.0 = Release|Any CPU
		{0780B194-480D-490B-8C15-CBECF6AC563E}.Debug|Any CPU.ActiveCfg = Debug|Any CPU
		{0780B194-480D-490B-8C15-CBECF6AC563E}.Debug|Any CPU.Build.0 = Debug|Any CPU
		{0780B194-480D-490B-8C15-CBECF6AC563E}.Release|Any CPU.ActiveCfg = Release|Any CPU
		{0780B194-480D-490B-8C15-CBECF6AC563E}.Release|Any CPU.Build.0 = Release|Any CPU
		{5D4220A9-4E7D-47AA-8D33-4DFB77604E93}.Debug|Any CPU.ActiveCfg = Debug|Any CPU
		{5D4220A9-4E7D-47AA-8D33-4DFB77604E93}.Debug|Any CPU.Build.0 = Debug|Any CPU
		{5D4220A9-4E7D-47AA-8D33-4DFB77604E93}.Release|Any CPU.ActiveCfg = Release|Any CPU
		{5D4220A9-4E7D-47AA-8D33-4DFB77604E93}.Release|Any CPU.Build.0 = Release|Any CPU
		{05199512-D58D-4527-9FBC-B45E3BBFDBB9}.Debug|Any CPU.ActiveCfg = Debug|Any CPU
		{05199512-D58D-4527-9FBC-B45E3BBFDBB9}.Debug|Any CPU.Build.0 = Debug|Any CPU
		{05199512-D58D-4527-9FBC-B45E3BBFDBB9}.Release|Any CPU.ActiveCfg = Release|Any CPU
		{05199512-D58D-4527-9FBC-B45E3BBFDBB9}.Release|Any CPU.Build.0 = Release|Any CPU
		{777FD2AC-CFE0-434E-927D-B2460E579D70}.Debug|Any CPU.ActiveCfg = Debug|Any CPU
		{777FD2AC-CFE0-434E-927D-B2460E579D70}.Debug|Any CPU.Build.0 = Debug|Any CPU
		{777FD2AC-CFE0-434E-927D-B2460E579D70}.Release|Any CPU.ActiveCfg = Release|Any CPU
		{777FD2AC-CFE0-434E-927D-B2460E579D70}.Release|Any CPU.Build.0 = Release|Any CPU
		{A0DE10B5-C942-48AE-9389-8D8C288A363D}.Debug|Any CPU.ActiveCfg = Debug|Any CPU
		{A0DE10B5-C942-48AE-9389-8D8C288A363D}.Debug|Any CPU.Build.0 = Debug|Any CPU
		{A0DE10B5-C942-48AE-9389-8D8C288A363D}.Release|Any CPU.ActiveCfg = Release|Any CPU
		{A0DE10B5-C942-48AE-9389-8D8C288A363D}.Release|Any CPU.Build.0 = Release|Any CPU
		{2FBFC532-E9D3-4B80-B4EB-A2A728068918}.Debug|Any CPU.ActiveCfg = Debug|Any CPU
		{2FBFC532-E9D3-4B80-B4EB-A2A728068918}.Debug|Any CPU.Build.0 = Debug|Any CPU
		{2FBFC532-E9D3-4B80-B4EB-A2A728068918}.Release|Any CPU.ActiveCfg = Release|Any CPU
		{2FBFC532-E9D3-4B80-B4EB-A2A728068918}.Release|Any CPU.Build.0 = Release|Any CPU
		{47AD26F0-C5F2-4FE0-9BF4-DC2E0FE036DB}.Debug|Any CPU.ActiveCfg = Debug|Any CPU
		{47AD26F0-C5F2-4FE0-9BF4-DC2E0FE036DB}.Debug|Any CPU.Build.0 = Debug|Any CPU
		{47AD26F0-C5F2-4FE0-9BF4-DC2E0FE036DB}.Release|Any CPU.ActiveCfg = Release|Any CPU
		{47AD26F0-C5F2-4FE0-9BF4-DC2E0FE036DB}.Release|Any CPU.Build.0 = Release|Any CPU
		{01E64028-A489-4784-B7C8-2AA94F0DE5BF}.Debug|Any CPU.ActiveCfg = Debug|Any CPU
		{01E64028-A489-4784-B7C8-2AA94F0DE5BF}.Debug|Any CPU.Build.0 = Debug|Any CPU
		{01E64028-A489-4784-B7C8-2AA94F0DE5BF}.Release|Any CPU.ActiveCfg = Release|Any CPU
		{01E64028-A489-4784-B7C8-2AA94F0DE5BF}.Release|Any CPU.Build.0 = Release|Any CPU
		{B90D9EE4-8FEE-4135-8509-4EA33AF40181}.Debug|Any CPU.ActiveCfg = Debug|Any CPU
		{B90D9EE4-8FEE-4135-8509-4EA33AF40181}.Debug|Any CPU.Build.0 = Debug|Any CPU
		{B90D9EE4-8FEE-4135-8509-4EA33AF40181}.Release|Any CPU.ActiveCfg = Release|Any CPU
		{B90D9EE4-8FEE-4135-8509-4EA33AF40181}.Release|Any CPU.Build.0 = Release|Any CPU
		{29949A3E-F8EF-4176-B319-E6BE198D3120}.Debug|Any CPU.ActiveCfg = Debug|Any CPU
		{29949A3E-F8EF-4176-B319-E6BE198D3120}.Debug|Any CPU.Build.0 = Debug|Any CPU
		{29949A3E-F8EF-4176-B319-E6BE198D3120}.Release|Any CPU.ActiveCfg = Release|Any CPU
		{29949A3E-F8EF-4176-B319-E6BE198D3120}.Release|Any CPU.Build.0 = Release|Any CPU
		{444B7820-E1CC-4CEB-98B8-BE01A534F265}.Debug|Any CPU.ActiveCfg = Debug|Any CPU
		{444B7820-E1CC-4CEB-98B8-BE01A534F265}.Debug|Any CPU.Build.0 = Debug|Any CPU
		{444B7820-E1CC-4CEB-98B8-BE01A534F265}.Release|Any CPU.ActiveCfg = Release|Any CPU
		{444B7820-E1CC-4CEB-98B8-BE01A534F265}.Release|Any CPU.Build.0 = Release|Any CPU
		{A0742F2B-6144-4C1C-909F-535E935E852A}.Debug|Any CPU.ActiveCfg = Debug|Any CPU
		{A0742F2B-6144-4C1C-909F-535E935E852A}.Debug|Any CPU.Build.0 = Debug|Any CPU
		{A0742F2B-6144-4C1C-909F-535E935E852A}.Release|Any CPU.ActiveCfg = Release|Any CPU
		{A0742F2B-6144-4C1C-909F-535E935E852A}.Release|Any CPU.Build.0 = Release|Any CPU
		{AA977340-F490-4740-84E6-8AF8811EF03D}.Debug|Any CPU.ActiveCfg = Debug|Any CPU
		{AA977340-F490-4740-84E6-8AF8811EF03D}.Debug|Any CPU.Build.0 = Debug|Any CPU
		{AA977340-F490-4740-84E6-8AF8811EF03D}.Release|Any CPU.ActiveCfg = Release|Any CPU
		{AA977340-F490-4740-84E6-8AF8811EF03D}.Release|Any CPU.Build.0 = Release|Any CPU
		{5AA97712-F77F-485C-995F-5FA29BB73A19}.Debug|Any CPU.ActiveCfg = Debug|Any CPU
		{5AA97712-F77F-485C-995F-5FA29BB73A19}.Debug|Any CPU.Build.0 = Debug|Any CPU
		{5AA97712-F77F-485C-995F-5FA29BB73A19}.Release|Any CPU.ActiveCfg = Release|Any CPU
		{5AA97712-F77F-485C-995F-5FA29BB73A19}.Release|Any CPU.Build.0 = Release|Any CPU
		{523D11E4-5810-452A-AE7E-2A0CAD894DB4}.Debug|Any CPU.ActiveCfg = Debug|Any CPU
		{523D11E4-5810-452A-AE7E-2A0CAD894DB4}.Debug|Any CPU.Build.0 = Debug|Any CPU
		{523D11E4-5810-452A-AE7E-2A0CAD894DB4}.Release|Any CPU.ActiveCfg = Release|Any CPU
		{523D11E4-5810-452A-AE7E-2A0CAD894DB4}.Release|Any CPU.Build.0 = Release|Any CPU
	EndGlobalSection
	GlobalSection(SolutionProperties) = preSolution
		HideSolutionNode = FALSE
	EndGlobalSection
	GlobalSection(ExtensibilityGlobals) = postSolution
		SolutionGuid = {D001FFA8-87CF-4AFD-9842-C18CE4885ADE}
	EndGlobalSection
EndGlobal
